PODS:
  - Eureka (5.0.0)
  - LBTATools (1.0.5)
  - SQLite.swift (0.12.0):
    - SQLite.swift/standard (= 0.12.0)
  - SQLite.swift/standard (0.12.0)

DEPENDENCIES:
  - Eureka
  - LBTATools
  - SQLite.swift (~> 0.12.0)

SPEC REPOS:
  https://github.com/cocoapods/specs.git:
    - Eureka
    - LBTATools
    - SQLite.swift

SPEC CHECKSUMS:
  Eureka: 0f64f477ec8ef6201c6fec143d60ff5c201cf654
  LBTATools: 4c2fb348fa3a98f00ff203befc59bf1ab94f1a54
  SQLite.swift: 7cad9db150a03716336e69469ec9559c85aece5b

PODFILE CHECKSUM: 583b5e22ef46f3058711f49522c38413a3d99f9d

COCOAPODS: 1.7.0
