// !$*UTF8*$!
{
	archiveVersion = 1;
	classes = {
	};
	objectVersion = 50;
	objects = {

/* Begin PBXBuildFile section */
		3C49DCD0234C24F500D28820 /* Transaction.swift in Sources */ = {isa = PBXBuildFile; fileRef = 3C49DCCF234C24F500D28820 /* Transaction.swift */; };
		3C49DD01234C44C900D28820 /* SQLite.framework in Frameworks */ = {isa = PBXBuildFile; fileRef = 3C49DCDC234C446D00D28820 /* SQLite.framework */; };
		3C49DD02234C44C900D28820 /* SQLite.framework in Embed Frameworks */ = {isa = PBXBuildFile; fileRef = 3C49DCDC234C446D00D28820 /* SQLite.framework */; settings = {ATTRIBUTES = (CodeSignOnCopy, RemoveHeadersOnCopy, ); }; };
		3C49DD04234D4C9200D28820 /* ExpenseViewController.swift in Sources */ = {isa = PBXBuildFile; fileRef = 3C49DD03234D4C9200D28820 /* ExpenseViewController.swift */; };
		3C49DD06234D523F00D28820 /* AddExpenseViewController.swift in Sources */ = {isa = PBXBuildFile; fileRef = 3C49DD05234D523F00D28820 /* AddExpenseViewController.swift */; };
		3C49DD08234ECAA400D28820 /* AddIncomeViewController.swift in Sources */ = {isa = PBXBuildFile; fileRef = 3C49DD07234ECAA400D28820 /* AddIncomeViewController.swift */; };
		3CD90659234BF985007AED2D /* AppDelegate.swift in Sources */ = {isa = PBXBuildFile; fileRef = 3CD90658234BF985007AED2D /* AppDelegate.swift */; };
		3CD9065B234BF985007AED2D /* SceneDelegate.swift in Sources */ = {isa = PBXBuildFile; fileRef = 3CD9065A234BF985007AED2D /* SceneDelegate.swift */; };
		3CD9065D234BF985007AED2D /* ViewController.swift in Sources */ = {isa = PBXBuildFile; fileRef = 3CD9065C234BF985007AED2D /* ViewController.swift */; };
		3CD90660234BF985007AED2D /* Main.storyboard in Resources */ = {isa = PBXBuildFile; fileRef = 3CD9065E234BF985007AED2D /* Main.storyboard */; };
		3CD90662234BF986007AED2D /* Assets.xcassets in Resources */ = {isa = PBXBuildFile; fileRef = 3CD90661234BF986007AED2D /* Assets.xcassets */; };
		3CD90665234BF986007AED2D /* LaunchScreen.storyboard in Resources */ = {isa = PBXBuildFile; fileRef = 3CD90663234BF986007AED2D /* LaunchScreen.storyboard */; };
		3CD90670234BF987007AED2D /* BudgetAppTests.swift in Sources */ = {isa = PBXBuildFile; fileRef = 3CD9066F234BF987007AED2D /* BudgetAppTests.swift */; };
		3CD9067B234BF987007AED2D /* BudgetAppUITests.swift in Sources */ = {isa = PBXBuildFile; fileRef = 3CD9067A234BF987007AED2D /* BudgetAppUITests.swift */; };
/* End PBXBuildFile section */

/* Begin PBXContainerItemProxy section */
		3C49DCDB234C446D00D28820 /* PBXContainerItemProxy */ = {
			isa = PBXContainerItemProxy;
			containerPortal = 3C49DCD1234C446D00D28820 /* SQLite.xcodeproj */;
			proxyType = 2;
			remoteGlobalIDString = EE247AD31C3F04ED00AE3E12;
			remoteInfo = "SQLite iOS";
		};
		3C49DCDD234C446D00D28820 /* PBXContainerItemProxy */ = {
			isa = PBXContainerItemProxy;
			containerPortal = 3C49DCD1234C446D00D28820 /* SQLite.xcodeproj */;
			proxyType = 2;
			remoteGlobalIDString = EE247ADD1C3F04ED00AE3E12;
			remoteInfo = "SQLiteTests iOS";
		};
		3C49DCDF234C446D00D28820 /* PBXContainerItemProxy */ = {
			isa = PBXContainerItemProxy;
			containerPortal = 3C49DCD1234C446D00D28820 /* SQLite.xcodeproj */;
			proxyType = 2;
			remoteGlobalIDString = EE247B3C1C3F3ED000AE3E12;
			remoteInfo = "SQLite Mac";
		};
		3C49DCE1234C446D00D28820 /* PBXContainerItemProxy */ = {
			isa = PBXContainerItemProxy;
			containerPortal = 3C49DCD1234C446D00D28820 /* SQLite.xcodeproj */;
			proxyType = 2;
			remoteGlobalIDString = EE247B451C3F3ED000AE3E12;
			remoteInfo = "SQLiteTests Mac";
		};
		3C49DCE3234C446D00D28820 /* PBXContainerItemProxy */ = {
			isa = PBXContainerItemProxy;
			containerPortal = 3C49DCD1234C446D00D28820 /* SQLite.xcodeproj */;
			proxyType = 2;
			remoteGlobalIDString = 03A65E5A1C6BB0F50062603F;
			remoteInfo = "SQLite tvOS";
		};
		3C49DCE5234C446D00D28820 /* PBXContainerItemProxy */ = {
			isa = PBXContainerItemProxy;
			containerPortal = 3C49DCD1234C446D00D28820 /* SQLite.xcodeproj */;
			proxyType = 2;
			remoteGlobalIDString = 03A65E631C6BB0F60062603F;
			remoteInfo = "SQLiteTests tvOS";
		};
		3C49DCE7234C446D00D28820 /* PBXContainerItemProxy */ = {
			isa = PBXContainerItemProxy;
			containerPortal = 3C49DCD1234C446D00D28820 /* SQLite.xcodeproj */;
			proxyType = 2;
			remoteGlobalIDString = A121AC451CA35C79005A31D1;
			remoteInfo = "SQLite watchOS";
		};
		3CD9066C234BF987007AED2D /* PBXContainerItemProxy */ = {
			isa = PBXContainerItemProxy;
			containerPortal = 3CD9064D234BF985007AED2D /* Project object */;
			proxyType = 1;
			remoteGlobalIDString = 3CD90654234BF985007AED2D;
			remoteInfo = BudgetApp;
		};
		3CD90677234BF987007AED2D /* PBXContainerItemProxy */ = {
			isa = PBXContainerItemProxy;
			containerPortal = 3CD9064D234BF985007AED2D /* Project object */;
			proxyType = 1;
			remoteGlobalIDString = 3CD90654234BF985007AED2D;
			remoteInfo = BudgetApp;
		};
/* End PBXContainerItemProxy section */

/* Begin PBXCopyFilesBuildPhase section */
		3CD906A3234BFB93007AED2D /* Embed Frameworks */ = {
			isa = PBXCopyFilesBuildPhase;
			buildActionMask = 2147483647;
			dstPath = "";
			dstSubfolderSpec = 10;
			files = (
				3C49DD02234C44C900D28820 /* SQLite.framework in Embed Frameworks */,
			);
			name = "Embed Frameworks";
			runOnlyForDeploymentPostprocessing = 0;
		};
/* End PBXCopyFilesBuildPhase section */

/* Begin PBXFileReference section */
		3C49DCCF234C24F500D28820 /* Transaction.swift */ = {isa = PBXFileReference; lastKnownFileType = sourcecode.swift; path = Transaction.swift; sourceTree = "<group>"; };
		3C49DCD1234C446D00D28820 /* SQLite.xcodeproj */ = {isa = PBXFileReference; lastKnownFileType = "wrapper.pb-project"; name = SQLite.xcodeproj; path = "../SQLite.swift-master/SQLite.xcodeproj"; sourceTree = "<group>"; };
		3C49DD03234D4C9200D28820 /* ExpenseViewController.swift */ = {isa = PBXFileReference; lastKnownFileType = sourcecode.swift; path = ExpenseViewController.swift; sourceTree = "<group>"; };
		3C49DD05234D523F00D28820 /* AddExpenseViewController.swift */ = {isa = PBXFileReference; lastKnownFileType = sourcecode.swift; path = AddExpenseViewController.swift; sourceTree = "<group>"; };
		3C49DD07234ECAA400D28820 /* AddIncomeViewController.swift */ = {isa = PBXFileReference; lastKnownFileType = sourcecode.swift; path = AddIncomeViewController.swift; sourceTree = "<group>"; };
		3CD90655234BF985007AED2D /* BudgetApp.app */ = {isa = PBXFileReference; explicitFileType = wrapper.application; includeInIndex = 0; path = BudgetApp.app; sourceTree = BUILT_PRODUCTS_DIR; };
		3CD90658234BF985007AED2D /* AppDelegate.swift */ = {isa = PBXFileReference; lastKnownFileType = sourcecode.swift; path = AppDelegate.swift; sourceTree = "<group>"; };
		3CD9065A234BF985007AED2D /* SceneDelegate.swift */ = {isa = PBXFileReference; lastKnownFileType = sourcecode.swift; path = SceneDelegate.swift; sourceTree = "<group>"; };
		3CD9065C234BF985007AED2D /* ViewController.swift */ = {isa = PBXFileReference; lastKnownFileType = sourcecode.swift; path = ViewController.swift; sourceTree = "<group>"; };
		3CD9065F234BF985007AED2D /* Base */ = {isa = PBXFileReference; lastKnownFileType = file.storyboard; name = Base; path = Base.lproj/Main.storyboard; sourceTree = "<group>"; };
		3CD90661234BF986007AED2D /* Assets.xcassets */ = {isa = PBXFileReference; lastKnownFileType = folder.assetcatalog; path = Assets.xcassets; sourceTree = "<group>"; };
		3CD90664234BF986007AED2D /* Base */ = {isa = PBXFileReference; lastKnownFileType = file.storyboard; name = Base; path = Base.lproj/LaunchScreen.storyboard; sourceTree = "<group>"; };
		3CD90666234BF986007AED2D /* Info.plist */ = {isa = PBXFileReference; lastKnownFileType = text.plist.xml; path = Info.plist; sourceTree = "<group>"; };
		3CD9066B234BF987007AED2D /* BudgetAppTests.xctest */ = {isa = PBXFileReference; explicitFileType = wrapper.cfbundle; includeInIndex = 0; path = BudgetAppTests.xctest; sourceTree = BUILT_PRODUCTS_DIR; };
		3CD9066F234BF987007AED2D /* BudgetAppTests.swift */ = {isa = PBXFileReference; lastKnownFileType = sourcecode.swift; path = BudgetAppTests.swift; sourceTree = "<group>"; };
		3CD90671234BF987007AED2D /* Info.plist */ = {isa = PBXFileReference; lastKnownFileType = text.plist.xml; path = Info.plist; sourceTree = "<group>"; };
		3CD90676234BF987007AED2D /* BudgetAppUITests.xctest */ = {isa = PBXFileReference; explicitFileType = wrapper.cfbundle; includeInIndex = 0; path = BudgetAppUITests.xctest; sourceTree = BUILT_PRODUCTS_DIR; };
		3CD9067A234BF987007AED2D /* BudgetAppUITests.swift */ = {isa = PBXFileReference; lastKnownFileType = sourcecode.swift; path = BudgetAppUITests.swift; sourceTree = "<group>"; };
		3CD9067C234BF987007AED2D /* Info.plist */ = {isa = PBXFileReference; lastKnownFileType = text.plist.xml; path = Info.plist; sourceTree = "<group>"; };
/* End PBXFileReference section */

/* Begin PBXFrameworksBuildPhase section */
		3CD90652234BF985007AED2D /* Frameworks */ = {
			isa = PBXFrameworksBuildPhase;
			buildActionMask = 2147483647;
			files = (
				3C49DD01234C44C900D28820 /* SQLite.framework in Frameworks */,
			);
			runOnlyForDeploymentPostprocessing = 0;
		};
		3CD90668234BF987007AED2D /* Frameworks */ = {
			isa = PBXFrameworksBuildPhase;
			buildActionMask = 2147483647;
			files = (
			);
			runOnlyForDeploymentPostprocessing = 0;
		};
		3CD90673234BF987007AED2D /* Frameworks */ = {
			isa = PBXFrameworksBuildPhase;
			buildActionMask = 2147483647;
			files = (
			);
			runOnlyForDeploymentPostprocessing = 0;
		};
/* End PBXFrameworksBuildPhase section */

/* Begin PBXGroup section */
		3C49DCD2234C446D00D28820 /* Products */ = {
			isa = PBXGroup;
			children = (
				3C49DCDC234C446D00D28820 /* SQLite.framework */,
				3C49DCDE234C446D00D28820 /* SQLiteTests iOS.xctest */,
				3C49DCE0234C446D00D28820 /* SQLite.framework */,
				3C49DCE2234C446D00D28820 /* SQLiteTests Mac.xctest */,
				3C49DCE4234C446D00D28820 /* SQLite.framework */,
				3C49DCE6234C446D00D28820 /* SQLiteTests tvOS.xctest */,
				3C49DCE8234C446D00D28820 /* SQLite.framework */,
			);
			name = Products;
			sourceTree = "<group>";
		};
		3CD9064C234BF985007AED2D = {
			isa = PBXGroup;
			children = (
				3CD90657234BF985007AED2D /* BudgetApp */,
				3CD9066E234BF987007AED2D /* BudgetAppTests */,
				3CD90679234BF987007AED2D /* BudgetAppUITests */,
				3CD90656234BF985007AED2D /* Products */,
				3CD906A0234BFB92007AED2D /* Frameworks */,
			);
			sourceTree = "<group>";
		};
		3CD90656234BF985007AED2D /* Products */ = {
			isa = PBXGroup;
			children = (
				3CD90655234BF985007AED2D /* BudgetApp.app */,
				3CD9066B234BF987007AED2D /* BudgetAppTests.xctest */,
				3CD90676234BF987007AED2D /* BudgetAppUITests.xctest */,
			);
			name = Products;
			sourceTree = "<group>";
		};
		3CD90657234BF985007AED2D /* BudgetApp */ = {
			isa = PBXGroup;
			children = (
				3CD90658234BF985007AED2D /* AppDelegate.swift */,
				3CD9065A234BF985007AED2D /* SceneDelegate.swift */,
				3CD9065C234BF985007AED2D /* ViewController.swift */,
				3CD9065E234BF985007AED2D /* Main.storyboard */,
				3CD90661234BF986007AED2D /* Assets.xcassets */,
				3CD90663234BF986007AED2D /* LaunchScreen.storyboard */,
				3CD90666234BF986007AED2D /* Info.plist */,
				3C49DCCF234C24F500D28820 /* Transaction.swift */,
				3C49DD03234D4C9200D28820 /* ExpenseViewController.swift */,
				3C49DD05234D523F00D28820 /* AddExpenseViewController.swift */,
				3C49DD07234ECAA400D28820 /* AddIncomeViewController.swift */,
			);
			path = BudgetApp;
			sourceTree = "<group>";
		};
		3CD9066E234BF987007AED2D /* BudgetAppTests */ = {
			isa = PBXGroup;
			children = (
				3CD9066F234BF987007AED2D /* BudgetAppTests.swift */,
				3CD90671234BF987007AED2D /* Info.plist */,
			);
			path = BudgetAppTests;
			sourceTree = "<group>";
		};
		3CD90679234BF987007AED2D /* BudgetAppUITests */ = {
			isa = PBXGroup;
			children = (
				3CD9067A234BF987007AED2D /* BudgetAppUITests.swift */,
				3CD9067C234BF987007AED2D /* Info.plist */,
			);
			path = BudgetAppUITests;
			sourceTree = "<group>";
		};
		3CD906A0234BFB92007AED2D /* Frameworks */ = {
			isa = PBXGroup;
			children = (
				3C49DCD1234C446D00D28820 /* SQLite.xcodeproj */,
			);
			name = Frameworks;
			sourceTree = "<group>";
		};
/* End PBXGroup section */

/* Begin PBXNativeTarget section */
		3CD90654234BF985007AED2D /* BudgetApp */ = {
			isa = PBXNativeTarget;
			buildConfigurationList = 3CD9067F234BF987007AED2D /* Build configuration list for PBXNativeTarget "BudgetApp" */;
			buildPhases = (
				3CD90651234BF985007AED2D /* Sources */,
				3CD90652234BF985007AED2D /* Frameworks */,
				3CD90653234BF985007AED2D /* Resources */,
				3CD906A3234BFB93007AED2D /* Embed Frameworks */,
			);
			buildRules = (
			);
			dependencies = (
			);
			name = BudgetApp;
			productName = BudgetApp;
			productReference = 3CD90655234BF985007AED2D /* BudgetApp.app */;
			productType = "com.apple.product-type.application";
		};
		3CD9066A234BF987007AED2D /* BudgetAppTests */ = {
			isa = PBXNativeTarget;
			buildConfigurationList = 3CD90682234BF987007AED2D /* Build configuration list for PBXNativeTarget "BudgetAppTests" */;
			buildPhases = (
				3CD90667234BF987007AED2D /* Sources */,
				3CD90668234BF987007AED2D /* Frameworks */,
				3CD90669234BF987007AED2D /* Resources */,
			);
			buildRules = (
			);
			dependencies = (
				3CD9066D234BF987007AED2D /* PBXTargetDependency */,
			);
			name = BudgetAppTests;
			productName = BudgetAppTests;
			productReference = 3CD9066B234BF987007AED2D /* BudgetAppTests.xctest */;
			productType = "com.apple.product-type.bundle.unit-test";
		};
		3CD90675234BF987007AED2D /* BudgetAppUITests */ = {
			isa = PBXNativeTarget;
			buildConfigurationList = 3CD90685234BF987007AED2D /* Build configuration list for PBXNativeTarget "BudgetAppUITests" */;
			buildPhases = (
				3CD90672234BF987007AED2D /* Sources */,
				3CD90673234BF987007AED2D /* Frameworks */,
				3CD90674234BF987007AED2D /* Resources */,
			);
			buildRules = (
			);
			dependencies = (
				3CD90678234BF987007AED2D /* PBXTargetDependency */,
			);
			name = BudgetAppUITests;
			productName = BudgetAppUITests;
			productReference = 3CD90676234BF987007AED2D /* BudgetAppUITests.xctest */;
			productType = "com.apple.product-type.bundle.ui-testing";
		};
/* End PBXNativeTarget section */

/* Begin PBXProject section */
		3CD9064D234BF985007AED2D /* Project object */ = {
			isa = PBXProject;
			attributes = {
				LastSwiftUpdateCheck = 1100;
				LastUpgradeCheck = 1100;
				ORGANIZATIONNAME = "joe rho";
				TargetAttributes = {
					3CD90654234BF985007AED2D = {
						CreatedOnToolsVersion = 11.0;
					};
					3CD9066A234BF987007AED2D = {
						CreatedOnToolsVersion = 11.0;
						TestTargetID = 3CD90654234BF985007AED2D;
					};
					3CD90675234BF987007AED2D = {
						CreatedOnToolsVersion = 11.0;
						TestTargetID = 3CD90654234BF985007AED2D;
					};
				};
			};
			buildConfigurationList = 3CD90650234BF985007AED2D /* Build configuration list for PBXProject "BudgetApp" */;
			compatibilityVersion = "Xcode 9.3";
			developmentRegion = en;
			hasScannedForEncodings = 0;
			knownRegions = (
				en,
				Base,
			);
			mainGroup = 3CD9064C234BF985007AED2D;
			productRefGroup = 3CD90656234BF985007AED2D /* Products */;
			projectDirPath = "";
			projectReferences = (
				{
					ProductGroup = 3C49DCD2234C446D00D28820 /* Products */;
					ProjectRef = 3C49DCD1234C446D00D28820 /* SQLite.xcodeproj */;
				},
			);
			projectRoot = "";
			targets = (
				3CD90654234BF985007AED2D /* BudgetApp */,
				3CD9066A234BF987007AED2D /* BudgetAppTests */,
				3CD90675234BF987007AED2D /* BudgetAppUITests */,
			);
		};
/* End PBXProject section */

/* Begin PBXReferenceProxy section */
		3C49DCDC234C446D00D28820 /* SQLite.framework */ = {
			isa = PBXReferenceProxy;
			fileType = wrapper.framework;
			path = SQLite.framework;
			remoteRef = 3C49DCDB234C446D00D28820 /* PBXContainerItemProxy */;
			sourceTree = BUILT_PRODUCTS_DIR;
		};
		3C49DCDE234C446D00D28820 /* SQLiteTests iOS.xctest */ = {
			isa = PBXReferenceProxy;
			fileType = wrapper.cfbundle;
			path = "SQLiteTests iOS.xctest";
			remoteRef = 3C49DCDD234C446D00D28820 /* PBXContainerItemProxy */;
			sourceTree = BUILT_PRODUCTS_DIR;
		};
		3C49DCE0234C446D00D28820 /* SQLite.framework */ = {
			isa = PBXReferenceProxy;
			fileType = wrapper.framework;
			path = SQLite.framework;
			remoteRef = 3C49DCDF234C446D00D28820 /* PBXContainerItemProxy */;
			sourceTree = BUILT_PRODUCTS_DIR;
		};
		3C49DCE2234C446D00D28820 /* SQLiteTests Mac.xctest */ = {
			isa = PBXReferenceProxy;
			fileType = wrapper.cfbundle;
			path = "SQLiteTests Mac.xctest";
			remoteRef = 3C49DCE1234C446D00D28820 /* PBXContainerItemProxy */;
			sourceTree = BUILT_PRODUCTS_DIR;
		};
		3C49DCE4234C446D00D28820 /* SQLite.framework */ = {
			isa = PBXReferenceProxy;
			fileType = wrapper.framework;
			path = SQLite.framework;
			remoteRef = 3C49DCE3234C446D00D28820 /* PBXContainerItemProxy */;
			sourceTree = BUILT_PRODUCTS_DIR;
		};
		3C49DCE6234C446D00D28820 /* SQLiteTests tvOS.xctest */ = {
			isa = PBXReferenceProxy;
			fileType = wrapper.cfbundle;
			path = "SQLiteTests tvOS.xctest";
			remoteRef = 3C49DCE5234C446D00D28820 /* PBXContainerItemProxy */;
			sourceTree = BUILT_PRODUCTS_DIR;
		};
		3C49DCE8234C446D00D28820 /* SQLite.framework */ = {
			isa = PBXReferenceProxy;
			fileType = wrapper.framework;
			path = SQLite.framework;
			remoteRef = 3C49DCE7234C446D00D28820 /* PBXContainerItemProxy */;
			sourceTree = BUILT_PRODUCTS_DIR;
		};
/* End PBXReferenceProxy section */

/* Begin PBXResourcesBuildPhase section */
		3CD90653234BF985007AED2D /* Resources */ = {
			isa = PBXResourcesBuildPhase;
			buildActionMask = 2147483647;
			files = (
				3CD90665234BF986007AED2D /* LaunchScreen.storyboard in Resources */,
				3CD90662234BF986007AED2D /* Assets.xcassets in Resources */,
				3CD90660234BF985007AED2D /* Main.storyboard in Resources */,
			);
			runOnlyForDeploymentPostprocessing = 0;
		};
		3CD90669234BF987007AED2D /* Resources */ = {
			isa = PBXResourcesBuildPhase;
			buildActionMask = 2147483647;
			files = (
			);
			runOnlyForDeploymentPostprocessing = 0;
		};
		3CD90674234BF987007AED2D /* Resources */ = {
			isa = PBXResourcesBuildPhase;
			buildActionMask = 2147483647;
			files = (
			);
			runOnlyForDeploymentPostprocessing = 0;
		};
/* End PBXResourcesBuildPhase section */

/* Begin PBXSourcesBuildPhase section */
		3CD90651234BF985007AED2D /* Sources */ = {
			isa = PBXSourcesBuildPhase;
			buildActionMask = 2147483647;
			files = (
				3CD9065D234BF985007AED2D /* ViewController.swift in Sources */,
				3C49DD06234D523F00D28820 /* AddExpenseViewController.swift in Sources */,
				3CD90659234BF985007AED2D /* AppDelegate.swift in Sources */,
				3C49DD04234D4C9200D28820 /* ExpenseViewController.swift in Sources */,
				3C49DCD0234C24F500D28820 /* Transaction.swift in Sources */,
				3C49DD08234ECAA400D28820 /* AddIncomeViewController.swift in Sources */,
				3CD9065B234BF985007AED2D /* SceneDelegate.swift in Sources */,
			);
			runOnlyForDeploymentPostprocessing = 0;
		};
		3CD90667234BF987007AED2D /* Sources */ = {
			isa = PBXSourcesBuildPhase;
			buildActionMask = 2147483647;
			files = (
				3CD90670234BF987007AED2D /* BudgetAppTests.swift in Sources */,
			);
			runOnlyForDeploymentPostprocessing = 0;
		};
		3CD90672234BF987007AED2D /* Sources */ = {
			isa = PBXSourcesBuildPhase;
			buildActionMask = 2147483647;
			files = (
				3CD9067B234BF987007AED2D /* BudgetAppUITests.swift in Sources */,
			);
			runOnlyForDeploymentPostprocessing = 0;
		};
/* End PBXSourcesBuildPhase section */

/* Begin PBXTargetDependency section */
		3CD9066D234BF987007AED2D /* PBXTargetDependency */ = {
			isa = PBXTargetDependency;
			target = 3CD90654234BF985007AED2D /* BudgetApp */;
			targetProxy = 3CD9066C234BF987007AED2D /* PBXContainerItemProxy */;
		};
		3CD90678234BF987007AED2D /* PBXTargetDependency */ = {
			isa = PBXTargetDependency;
			target = 3CD90654234BF985007AED2D /* BudgetApp */;
			targetProxy = 3CD90677234BF987007AED2D /* PBXContainerItemProxy */;
		};
/* End PBXTargetDependency section */

/* Begin PBXVariantGroup section */
		3CD9065E234BF985007AED2D /* Main.storyboard */ = {
			isa = PBXVariantGroup;
			children = (
				3CD9065F234BF985007AED2D /* Base */,
			);
			name = Main.storyboard;
			sourceTree = "<group>";
		};
		3CD90663234BF986007AED2D /* LaunchScreen.storyboard */ = {
			isa = PBXVariantGroup;
			children = (
				3CD90664234BF986007AED2D /* Base */,
			);
			name = LaunchScreen.storyboard;
			sourceTree = "<group>";
		};
/* End PBXVariantGroup section */

/* Begin XCBuildConfiguration section */
		3CD9067D234BF987007AED2D /* Debug */ = {
			isa = XCBuildConfiguration;
			buildSettings = {
				ALWAYS_SEARCH_USER_PATHS = NO;
				CLANG_ANALYZER_NONNULL = YES;
				CLANG_ANALYZER_NUMBER_OBJECT_CONVERSION = YES_AGGRESSIVE;
				CLANG_CXX_LANGUAGE_STANDARD = "gnu++14";
				CLANG_CXX_LIBRARY = "libc++";
				CLANG_ENABLE_MODULES = YES;
				CLANG_ENABLE_OBJC_ARC = YES;
				CLANG_ENABLE_OBJC_WEAK = YES;
				CLANG_WARN_BLOCK_CAPTURE_AUTORELEASING = YES;
				CLANG_WARN_BOOL_CONVERSION = YES;
				CLANG_WARN_COMMA = YES;
				CLANG_WARN_CONSTANT_CONVERSION = YES;
				CLANG_WARN_DEPRECATED_OBJC_IMPLEMENTATIONS = YES;
				CLANG_WARN_DIRECT_OBJC_ISA_USAGE = YES_ERROR;
				CLANG_WARN_DOCUMENTATION_COMMENTS = YES;
				CLANG_WARN_EMPTY_BODY = YES;
				CLANG_WARN_ENUM_CONVERSION = YES;
				CLANG_WARN_INFINITE_RECURSION = YES;
				CLANG_WARN_INT_CONVERSION = YES;
				CLANG_WARN_NON_LITERAL_NULL_CONVERSION = YES;
				CLANG_WARN_OBJC_IMPLICIT_RETAIN_SELF = YES;
				CLANG_WARN_OBJC_LITERAL_CONVERSION = YES;
				CLANG_WARN_OBJC_ROOT_CLASS = YES_ERROR;
				CLANG_WARN_RANGE_LOOP_ANALYSIS = YES;
				CLANG_WARN_STRICT_PROTOTYPES = YES;
				CLANG_WARN_SUSPICIOUS_MOVE = YES;
				CLANG_WARN_UNGUARDED_AVAILABILITY = YES_AGGRESSIVE;
				CLANG_WARN_UNREACHABLE_CODE = YES;
				CLANG_WARN__DUPLICATE_METHOD_MATCH = YES;
				COPY_PHASE_STRIP = NO;
				DEBUG_INFORMATION_FORMAT = dwarf;
				ENABLE_STRICT_OBJC_MSGSEND = YES;
				ENABLE_TESTABILITY = YES;
				GCC_C_LANGUAGE_STANDARD = gnu11;
				GCC_DYNAMIC_NO_PIC = NO;
				GCC_NO_COMMON_BLOCKS = YES;
				GCC_OPTIMIZATION_LEVEL = 0;
				GCC_PREPROCESSOR_DEFINITIONS = (
					"DEBUG=1",
					"$(inherited)",
				);
				GCC_WARN_64_TO_32_BIT_CONVERSION = YES;
				GCC_WARN_ABOUT_RETURN_TYPE = YES_ERROR;
				GCC_WARN_UNDECLARED_SELECTOR = YES;
				GCC_WARN_UNINITIALIZED_AUTOS = YES_AGGRESSIVE;
				GCC_WARN_UNUSED_FUNCTION = YES;
				GCC_WARN_UNUSED_VARIABLE = YES;
				IPHONEOS_DEPLOYMENT_TARGET = 13.0;
				MTL_ENABLE_DEBUG_INFO = INCLUDE_SOURCE;
				MTL_FAST_MATH = YES;
				ONLY_ACTIVE_ARCH = YES;
				SDKROOT = iphoneos;
				SWIFT_ACTIVE_COMPILATION_CONDITIONS = DEBUG;
				SWIFT_OPTIMIZATION_LEVEL = "-Onone";
			};
			name = Debug;
		};
		3CD9067E234BF987007AED2D /* Release */ = {
			isa = XCBuildConfiguration;
			buildSettings = {
				ALWAYS_SEARCH_USER_PATHS = NO;
				CLANG_ANALYZER_NONNULL = YES;
				CLANG_ANALYZER_NUMBER_OBJECT_CONVERSION = YES_AGGRESSIVE;
				CLANG_CXX_LANGUAGE_STANDARD = "gnu++14";
				CLANG_CXX_LIBRARY = "libc++";
				CLANG_ENABLE_MODULES = YES;
				CLANG_ENABLE_OBJC_ARC = YES;
				CLANG_ENABLE_OBJC_WEAK = YES;
				CLANG_WARN_BLOCK_CAPTURE_AUTORELEASING = YES;
				CLANG_WARN_BOOL_CONVERSION = YES;
				CLANG_WARN_COMMA = YES;
				CLANG_WARN_CONSTANT_CONVERSION = YES;
				CLANG_WARN_DEPRECATED_OBJC_IMPLEMENTATIONS = YES;
				CLANG_WARN_DIRECT_OBJC_ISA_USAGE = YES_ERROR;
				CLANG_WARN_DOCUMENTATION_COMMENTS = YES;
				CLANG_WARN_EMPTY_BODY = YES;
				CLANG_WARN_ENUM_CONVERSION = YES;
				CLANG_WARN_INFINITE_RECURSION = YES;
				CLANG_WARN_INT_CONVERSION = YES;
				CLANG_WARN_NON_LITERAL_NULL_CONVERSION = YES;
				CLANG_WARN_OBJC_IMPLICIT_RETAIN_SELF = YES;
				CLANG_WARN_OBJC_LITERAL_CONVERSION = YES;
				CLANG_WARN_OBJC_ROOT_CLASS = YES_ERROR;
				CLANG_WARN_RANGE_LOOP_ANALYSIS = YES;
				CLANG_WARN_STRICT_PROTOTYPES = YES;
				CLANG_WARN_SUSPICIOUS_MOVE = YES;
				CLANG_WARN_UNGUARDED_AVAILABILITY = YES_AGGRESSIVE;
				CLANG_WARN_UNREACHABLE_CODE = YES;
				CLANG_WARN__DUPLICATE_METHOD_MATCH = YES;
				COPY_PHASE_STRIP = NO;
				DEBUG_INFORMATION_FORMAT = "dwarf-with-dsym";
				ENABLE_NS_ASSERTIONS = NO;
				ENABLE_STRICT_OBJC_MSGSEND = YES;
				GCC_C_LANGUAGE_STANDARD = gnu11;
				GCC_NO_COMMON_BLOCKS = YES;
				GCC_WARN_64_TO_32_BIT_CONVERSION = YES;
				GCC_WARN_ABOUT_RETURN_TYPE = YES_ERROR;
				GCC_WARN_UNDECLARED_SELECTOR = YES;
				GCC_WARN_UNINITIALIZED_AUTOS = YES_AGGRESSIVE;
				GCC_WARN_UNUSED_FUNCTION = YES;
				GCC_WARN_UNUSED_VARIABLE = YES;
				IPHONEOS_DEPLOYMENT_TARGET = 13.0;
				MTL_ENABLE_DEBUG_INFO = NO;
				MTL_FAST_MATH = YES;
				SDKROOT = iphoneos;
				SWIFT_COMPILATION_MODE = wholemodule;
				SWIFT_OPTIMIZATION_LEVEL = "-O";
				VALIDATE_PRODUCT = YES;
			};
			name = Release;
		};
		3CD90680234BF987007AED2D /* Debug */ = {
			isa = XCBuildConfiguration;
			buildSettings = {
				ASSETCATALOG_COMPILER_APPICON_NAME = AppIcon;
				CODE_SIGN_STYLE = Automatic;
				DEVELOPMENT_TEAM = 33T2H896Y7;
				INFOPLIST_FILE = BudgetApp/Info.plist;
				LD_RUNPATH_SEARCH_PATHS = (
					"$(inherited)",
					"@executable_path/Frameworks",
				);
				PRODUCT_BUNDLE_IDENTIFIER = JR.BudgetApp;
				PRODUCT_NAME = "$(TARGET_NAME)";
				SWIFT_VERSION = 5.0;
				TARGETED_DEVICE_FAMILY = "1,2";
			};
			name = Debug;
		};
		3CD90681234BF987007AED2D /* Release */ = {
			isa = XCBuildConfiguration;
			buildSettings = {
				ASSETCATALOG_COMPILER_APPICON_NAME = AppIcon;
				CODE_SIGN_STYLE = Automatic;
				DEVELOPMENT_TEAM = 33T2H896Y7;
				INFOPLIST_FILE = BudgetApp/Info.plist;
				LD_RUNPATH_SEARCH_PATHS = (
					"$(inherited)",
					"@executable_path/Frameworks",
				);
				PRODUCT_BUNDLE_IDENTIFIER = JR.BudgetApp;
				PRODUCT_NAME = "$(TARGET_NAME)";
				SWIFT_VERSION = 5.0;
				TARGETED_DEVICE_FAMILY = "1,2";
			};
			name = Release;
		};
		3CD90683234BF987007AED2D /* Debug */ = {
			isa = XCBuildConfiguration;
			buildSettings = {
				ALWAYS_EMBED_SWIFT_STANDARD_LIBRARIES = YES;
				BUNDLE_LOADER = "$(TEST_HOST)";
				CODE_SIGN_STYLE = Automatic;
				DEVELOPMENT_TEAM = 33T2H896Y7;
				INFOPLIST_FILE = BudgetAppTests/Info.plist;
				IPHONEOS_DEPLOYMENT_TARGET = 13.0;
				LD_RUNPATH_SEARCH_PATHS = (
					"$(inherited)",
					"@executable_path/Frameworks",
					"@loader_path/Frameworks",
				);
				PRODUCT_BUNDLE_IDENTIFIER = JR.BudgetAppTests;
				PRODUCT_NAME = "$(TARGET_NAME)";
				SWIFT_VERSION = 5.0;
				TARGETED_DEVICE_FAMILY = "1,2";
				TEST_HOST = "$(BUILT_PRODUCTS_DIR)/BudgetApp.app/BudgetApp";
			};
			name = Debug;
		};
		3CD90684234BF987007AED2D /* Release */ = {
			isa = XCBuildConfiguration;
			buildSettings = {
				ALWAYS_EMBED_SWIFT_STANDARD_LIBRARIES = YES;
				BUNDLE_LOADER = "$(TEST_HOST)";
				CODE_SIGN_STYLE = Automatic;
				DEVELOPMENT_TEAM = 33T2H896Y7;
				INFOPLIST_FILE = BudgetAppTests/Info.plist;
				IPHONEOS_DEPLOYMENT_TARGET = 13.0;
				LD_RUNPATH_SEARCH_PATHS = (
					"$(inherited)",
					"@executable_path/Frameworks",
					"@loader_path/Frameworks",
				);
				PRODUCT_BUNDLE_IDENTIFIER = JR.BudgetAppTests;
				PRODUCT_NAME = "$(TARGET_NAME)";
				SWIFT_VERSION = 5.0;
				TARGETED_DEVICE_FAMILY = "1,2";
				TEST_HOST = "$(BUILT_PRODUCTS_DIR)/BudgetApp.app/BudgetApp";
			};
			name = Release;
		};
		3CD90686234BF987007AED2D /* Debug */ = {
			isa = XCBuildConfiguration;
			buildSettings = {
				ALWAYS_EMBED_SWIFT_STANDARD_LIBRARIES = YES;
				CODE_SIGN_STYLE = Automatic;
				DEVELOPMENT_TEAM = 33T2H896Y7;
				INFOPLIST_FILE = BudgetAppUITests/Info.plist;
				LD_RUNPATH_SEARCH_PATHS = (
					"$(inherited)",
					"@executable_path/Frameworks",
					"@loader_path/Frameworks",
				);
				PRODUCT_BUNDLE_IDENTIFIER = JR.BudgetAppUITests;
				PRODUCT_NAME = "$(TARGET_NAME)";
				SWIFT_VERSION = 5.0;
				TARGETED_DEVICE_FAMILY = "1,2";
				TEST_TARGET_NAME = BudgetApp;
			};
			name = Debug;
		};
		3CD90687234BF987007AED2D /* Release */ = {
			isa = XCBuildConfiguration;
			buildSettings = {
				ALWAYS_EMBED_SWIFT_STANDARD_LIBRARIES = YES;
				CODE_SIGN_STYLE = Automatic;
				DEVELOPMENT_TEAM = 33T2H896Y7;
				INFOPLIST_FILE = BudgetAppUITests/Info.plist;
				LD_RUNPATH_SEARCH_PATHS = (
					"$(inherited)",
					"@executable_path/Frameworks",
					"@loader_path/Frameworks",
				);
				PRODUCT_BUNDLE_IDENTIFIER = JR.BudgetAppUITests;
				PRODUCT_NAME = "$(TARGET_NAME)";
				SWIFT_VERSION = 5.0;
				TARGETED_DEVICE_FAMILY = "1,2";
				TEST_TARGET_NAME = BudgetApp;
			};
			name = Release;
		};
/* End XCBuildConfiguration section */

/* Begin XCConfigurationList section */
		3CD90650234BF985007AED2D /* Build configuration list for PBXProject "BudgetApp" */ = {
			isa = XCConfigurationList;
			buildConfigurations = (
				3CD9067D234BF987007AED2D /* Debug */,
				3CD9067E234BF987007AED2D /* Release */,
			);
			defaultConfigurationIsVisible = 0;
			defaultConfigurationName = Release;
		};
		3CD9067F234BF987007AED2D /* Build configuration list for PBXNativeTarget "BudgetApp" */ = {
			isa = XCConfigurationList;
			buildConfigurations = (
				3CD90680234BF987007AED2D /* Debug */,
				3CD90681234BF987007AED2D /* Release */,
			);
			defaultConfigurationIsVisible = 0;
			defaultConfigurationName = Release;
		};
		3CD90682234BF987007AED2D /* Build configuration list for PBXNativeTarget "BudgetAppTests" */ = {
			isa = XCConfigurationList;
			buildConfigurations = (
				3CD90683234BF987007AED2D /* Debug */,
				3CD90684234BF987007AED2D /* Release */,
			);
			defaultConfigurationIsVisible = 0;
			defaultConfigurationName = Release;
		};
		3CD90685234BF987007AED2D /* Build configuration list for PBXNativeTarget "BudgetAppUITests" */ = {
			isa = XCConfigurationList;
			buildConfigurations = (
				3CD90686234BF987007AED2D /* Debug */,
				3CD90687234BF987007AED2D /* Release */,
			);
			defaultConfigurationIsVisible = 0;
			defaultConfigurationName = Release;
		};
/* End XCConfigurationList section */
	};
	rootObject = 3CD9064D234BF985007AED2D /* Project object */;
}
